// !$*UTF8*$!
{
	archiveVersion = 1;
	classes = {
	};
	objectVersion = 52;
	objects = {

/* Begin PBXBuildFile section */
		840CC047253D229F00C97042 /* CatUseCases.swift in Sources */ = {isa = PBXBuildFile; fileRef = 840CC046253D229F00C97042 /* CatUseCases.swift */; };
		840CC04C253D238C00C97042 /* CatUseCase+Spec.swift in Sources */ = {isa = PBXBuildFile; fileRef = 840CC04B253D238C00C97042 /* CatUseCase+Spec.swift */; };
		84605D7D2534BA6D00E2E0DB /* MaskotaApp.swift in Sources */ = {isa = PBXBuildFile; fileRef = 84605D7C2534BA6D00E2E0DB /* MaskotaApp.swift */; };
		84605D812534BA6F00E2E0DB /* Assets.xcassets in Resources */ = {isa = PBXBuildFile; fileRef = 84605D802534BA6F00E2E0DB /* Assets.xcassets */; };
		84605D842534BA6F00E2E0DB /* Preview Assets.xcassets in Resources */ = {isa = PBXBuildFile; fileRef = 84605D832534BA6F00E2E0DB /* Preview Assets.xcassets */; };
		84605D8F2534BA7000E2E0DB /* MaskotaTests.swift in Sources */ = {isa = PBXBuildFile; fileRef = 84605D8E2534BA7000E2E0DB /* MaskotaTests.swift */; };
		84605D9A2534BA7000E2E0DB /* MaskotaUITests.swift in Sources */ = {isa = PBXBuildFile; fileRef = 84605D992534BA7000E2E0DB /* MaskotaUITests.swift */; };
		84605DAC2534BCED00E2E0DB /* Quick in Frameworks */ = {isa = PBXBuildFile; productRef = 84605DAB2534BCED00E2E0DB /* Quick */; };
		84605DB22534BD2200E2E0DB /* Nimble in Frameworks */ = {isa = PBXBuildFile; productRef = 84605DB12534BD2200E2E0DB /* Nimble */; };
		84605DB92534BDC300E2E0DB /* Cat.swift in Sources */ = {isa = PBXBuildFile; fileRef = 84605DB82534BDC300E2E0DB /* Cat.swift */; };
		84605DC32534BE7100E2E0DB /* CatWire.swift in Sources */ = {isa = PBXBuildFile; fileRef = 84605DC22534BE7100E2E0DB /* CatWire.swift */; };
		84605DC82534BE8900E2E0DB /* FeedTimeWire.swift in Sources */ = {isa = PBXBuildFile; fileRef = 84605DC72534BE8900E2E0DB /* FeedTimeWire.swift */; };
		84605DCD2534BEAE00E2E0DB /* FeedTime.swift in Sources */ = {isa = PBXBuildFile; fileRef = 84605DCC2534BEAE00E2E0DB /* FeedTime.swift */; };
		84605DD32534BF1900E2E0DB /* Cat+Spec.swift in Sources */ = {isa = PBXBuildFile; fileRef = 84605DD22534BF1900E2E0DB /* Cat+Spec.swift */; };
		84605DDD2535049200E2E0DB /* CatWire+Mock.swift in Sources */ = {isa = PBXBuildFile; fileRef = 84605DDC2535049200E2E0DB /* CatWire+Mock.swift */; };
		84605DE52535050800E2E0DB /* FeedTime+Equatable.swift in Sources */ = {isa = PBXBuildFile; fileRef = 84605DE42535050800E2E0DB /* FeedTime+Equatable.swift */; };
		84605DEB2535057200E2E0DB /* CatWire+Spec.swift in Sources */ = {isa = PBXBuildFile; fileRef = 84605DEA2535057200E2E0DB /* CatWire+Spec.swift */; };
		84605DF32535071800E2E0DB /* Cat+Mock.swift in Sources */ = {isa = PBXBuildFile; fileRef = 84605DF22535071800E2E0DB /* Cat+Mock.swift */; };
		84605DF82535084000E2E0DB /* FeedTimeWire+Equatable.swift in Sources */ = {isa = PBXBuildFile; fileRef = 84605DF72535084000E2E0DB /* FeedTimeWire+Equatable.swift */; };
		84605E07253511AD00E2E0DB /* RealmSwift in Frameworks */ = {isa = PBXBuildFile; productRef = 84605E06253511AD00E2E0DB /* RealmSwift */; };
		84605E0E253512AB00E2E0DB /* CatRealmDataSource.swift in Sources */ = {isa = PBXBuildFile; fileRef = 84605E0D253512AB00E2E0DB /* CatRealmDataSource.swift */; };
		84605E16253512E400E2E0DB /* CatRealmEntity.swift in Sources */ = {isa = PBXBuildFile; fileRef = 84605E15253512E400E2E0DB /* CatRealmEntity.swift */; };
		84605E1E2535130900E2E0DB /* FeedTimeRealmEntity.swift in Sources */ = {isa = PBXBuildFile; fileRef = 84605E1D2535130900E2E0DB /* FeedTimeRealmEntity.swift */; };
		84605E242535135300E2E0DB /* RealmFactory.swift in Sources */ = {isa = PBXBuildFile; fileRef = 84605E232535135300E2E0DB /* RealmFactory.swift */; };
		84605E2A253513B800E2E0DB /* ErrorApp.swift in Sources */ = {isa = PBXBuildFile; fileRef = 84605E29253513B800E2E0DB /* ErrorApp.swift */; };
		84605E32253529FA00E2E0DB /* CatRepository.swift in Sources */ = {isa = PBXBuildFile; fileRef = 84605E31253529FA00E2E0DB /* CatRepository.swift */; };
		84605E3725352BC900E2E0DB /* CatRepository+Spec.swift in Sources */ = {isa = PBXBuildFile; fileRef = 84605E3625352BC900E2E0DB /* CatRepository+Spec.swift */; };
		84605E3C253536A800E2E0DB /* CatRealmDataSourceMock.swift in Sources */ = {isa = PBXBuildFile; fileRef = 84605E3B253536A800E2E0DB /* CatRealmDataSourceMock.swift */; };
		84C90F362543AEB300B96285 /* SelectTimeView.swift in Sources */ = {isa = PBXBuildFile; fileRef = 84C90F352543AEB300B96285 /* SelectTimeView.swift */; };
		84C90F3F2543AF3800B96285 /* SelectedTimeDTO.swift in Sources */ = {isa = PBXBuildFile; fileRef = 84C90F3E2543AF3800B96285 /* SelectedTimeDTO.swift */; };
		84C90F472543AF5600B96285 /* SelectedTimeDTO+Time.swift in Sources */ = {isa = PBXBuildFile; fileRef = 84C90F462543AF5600B96285 /* SelectedTimeDTO+Time.swift */; };
		84C90F502543B24F00B96285 /* EditCatView.swift in Sources */ = {isa = PBXBuildFile; fileRef = 84C90F4F2543B24F00B96285 /* EditCatView.swift */; };
		84C90F582543B26B00B96285 /* EditCatViewModel.swift in Sources */ = {isa = PBXBuildFile; fileRef = 84C90F572543B26B00B96285 /* EditCatViewModel.swift */; };
		84C90F5D2543B29A00B96285 /* EditCatAssembler.swift in Sources */ = {isa = PBXBuildFile; fileRef = 84C90F5C2543B29A00B96285 /* EditCatAssembler.swift */; };
		84C90F622543B2C800B96285 /* AppContainer.swift in Sources */ = {isa = PBXBuildFile; fileRef = 84C90F612543B2C800B96285 /* AppContainer.swift */; };
		84C90F682543B84A00B96285 /* AddCatView.swift in Sources */ = {isa = PBXBuildFile; fileRef = 84C90F672543B84A00B96285 /* AddCatView.swift */; };
		84C90F6D2543B86A00B96285 /* AddCatViewModel.swift in Sources */ = {isa = PBXBuildFile; fileRef = 84C90F6C2543B86A00B96285 /* AddCatViewModel.swift */; };
		84C90F722543B8B800B96285 /* AddCatAssembler.swift in Sources */ = {isa = PBXBuildFile; fileRef = 84C90F712543B8B800B96285 /* AddCatAssembler.swift */; };
		84C90F782543B95400B96285 /* CatListAssembler.swift in Sources */ = {isa = PBXBuildFile; fileRef = 84C90F772543B95400B96285 /* CatListAssembler.swift */; };
		84C90F802543B97000B96285 /* CatListView.swift in Sources */ = {isa = PBXBuildFile; fileRef = 84C90F7F2543B97000B96285 /* CatListView.swift */; };
		84C90F882543B9AD00B96285 /* CatListViewModel.swift in Sources */ = {isa = PBXBuildFile; fileRef = 84C90F872543B9AD00B96285 /* CatListViewModel.swift */; };
		84C90F8E2543B9FD00B96285 /* CatListRowView.swift in Sources */ = {isa = PBXBuildFile; fileRef = 84C90F8D2543B9FD00B96285 /* CatListRowView.swift */; };
		84C90F932543BA0E00B96285 /* CatListRowViewModel.swift in Sources */ = {isa = PBXBuildFile; fileRef = 84C90F922543BA0E00B96285 /* CatListRowViewModel.swift */; };
		84C90FAC2544662800B96285 /* LocalNotification.swift in Sources */ = {isa = PBXBuildFile; fileRef = 84C90FAB2544662800B96285 /* LocalNotification.swift */; };
		84C90FB52544668C00B96285 /* UNNotificationRequest+Init.swift in Sources */ = {isa = PBXBuildFile; fileRef = 84C90FB42544668C00B96285 /* UNNotificationRequest+Init.swift */; };
		84C90FBD2544AB3900B96285 /* Sequence+Distinct.swift in Sources */ = {isa = PBXBuildFile; fileRef = 84C90FBC2544AB3900B96285 /* Sequence+Distinct.swift */; };
		84C90FC22544ABAE00B96285 /* LocalNotificationManager.swift in Sources */ = {isa = PBXBuildFile; fileRef = 84C90FC12544ABAE00B96285 /* LocalNotificationManager.swift */; };
		84C90FC72544ABC400B96285 /* LocalNotificationFactory.swift in Sources */ = {isa = PBXBuildFile; fileRef = 84C90FC62544ABC400B96285 /* LocalNotificationFactory.swift */; };
		84C90FCC2544ABDA00B96285 /* UserNotificationCenter.swift in Sources */ = {isa = PBXBuildFile; fileRef = 84C90FCB2544ABDA00B96285 /* UserNotificationCenter.swift */; };
		84C90FDB2544B12C00B96285 /* FeedTime+Spec.swift in Sources */ = {isa = PBXBuildFile; fileRef = 84C90FDA2544B12C00B96285 /* FeedTime+Spec.swift */; };
		84C90FEB2544B78400B96285 /* FeedTimeWire+Mock.swift in Sources */ = {isa = PBXBuildFile; fileRef = 84C90FEA2544B78400B96285 /* FeedTimeWire+Mock.swift */; };
		84C90FF32544CADA00B96285 /* CatRepositoryMock.swift in Sources */ = {isa = PBXBuildFile; fileRef = 84C90FF22544CADA00B96285 /* CatRepositoryMock.swift */; };
/* End PBXBuildFile section */

/* Begin PBXContainerItemProxy section */
		84605D8B2534BA7000E2E0DB /* PBXContainerItemProxy */ = {
			isa = PBXContainerItemProxy;
			containerPortal = 84605D712534BA6D00E2E0DB /* Project object */;
			proxyType = 1;
			remoteGlobalIDString = 84605D782534BA6D00E2E0DB;
			remoteInfo = Maskota;
		};
		84605D962534BA7000E2E0DB /* PBXContainerItemProxy */ = {
			isa = PBXContainerItemProxy;
			containerPortal = 84605D712534BA6D00E2E0DB /* Project object */;
			proxyType = 1;
			remoteGlobalIDString = 84605D782534BA6D00E2E0DB;
			remoteInfo = Maskota;
		};
/* End PBXContainerItemProxy section */

/* Begin PBXFileReference section */
		840CC046253D229F00C97042 /* CatUseCases.swift */ = {isa = PBXFileReference; lastKnownFileType = sourcecode.swift; path = CatUseCases.swift; sourceTree = "<group>"; };
		840CC04B253D238C00C97042 /* CatUseCase+Spec.swift */ = {isa = PBXFileReference; lastKnownFileType = sourcecode.swift; path = "CatUseCase+Spec.swift"; sourceTree = "<group>"; };
		84605D792534BA6D00E2E0DB /* Maskota.app */ = {isa = PBXFileReference; explicitFileType = wrapper.application; includeInIndex = 0; path = Maskota.app; sourceTree = BUILT_PRODUCTS_DIR; };
		84605D7C2534BA6D00E2E0DB /* MaskotaApp.swift */ = {isa = PBXFileReference; lastKnownFileType = sourcecode.swift; path = MaskotaApp.swift; sourceTree = "<group>"; };
		84605D802534BA6F00E2E0DB /* Assets.xcassets */ = {isa = PBXFileReference; lastKnownFileType = folder.assetcatalog; path = Assets.xcassets; sourceTree = "<group>"; };
		84605D832534BA6F00E2E0DB /* Preview Assets.xcassets */ = {isa = PBXFileReference; lastKnownFileType = folder.assetcatalog; path = "Preview Assets.xcassets"; sourceTree = "<group>"; };
		84605D852534BA6F00E2E0DB /* Info.plist */ = {isa = PBXFileReference; lastKnownFileType = text.plist.xml; path = Info.plist; sourceTree = "<group>"; };
		84605D8A2534BA7000E2E0DB /* MaskotaTests.xctest */ = {isa = PBXFileReference; explicitFileType = wrapper.cfbundle; includeInIndex = 0; path = MaskotaTests.xctest; sourceTree = BUILT_PRODUCTS_DIR; };
		84605D8E2534BA7000E2E0DB /* MaskotaTests.swift */ = {isa = PBXFileReference; lastKnownFileType = sourcecode.swift; path = MaskotaTests.swift; sourceTree = "<group>"; };
		84605D902534BA7000E2E0DB /* Info.plist */ = {isa = PBXFileReference; lastKnownFileType = text.plist.xml; path = Info.plist; sourceTree = "<group>"; };
		84605D952534BA7000E2E0DB /* MaskotaUITests.xctest */ = {isa = PBXFileReference; explicitFileType = wrapper.cfbundle; includeInIndex = 0; path = MaskotaUITests.xctest; sourceTree = BUILT_PRODUCTS_DIR; };
		84605D992534BA7000E2E0DB /* MaskotaUITests.swift */ = {isa = PBXFileReference; lastKnownFileType = sourcecode.swift; path = MaskotaUITests.swift; sourceTree = "<group>"; };
		84605D9B2534BA7000E2E0DB /* Info.plist */ = {isa = PBXFileReference; lastKnownFileType = text.plist.xml; path = Info.plist; sourceTree = "<group>"; };
		84605DB82534BDC300E2E0DB /* Cat.swift */ = {isa = PBXFileReference; lastKnownFileType = sourcecode.swift; path = Cat.swift; sourceTree = "<group>"; };
		84605DC22534BE7100E2E0DB /* CatWire.swift */ = {isa = PBXFileReference; lastKnownFileType = sourcecode.swift; path = CatWire.swift; sourceTree = "<group>"; };
		84605DC72534BE8900E2E0DB /* FeedTimeWire.swift */ = {isa = PBXFileReference; lastKnownFileType = sourcecode.swift; path = FeedTimeWire.swift; sourceTree = "<group>"; };
		84605DCC2534BEAE00E2E0DB /* FeedTime.swift */ = {isa = PBXFileReference; lastKnownFileType = sourcecode.swift; path = FeedTime.swift; sourceTree = "<group>"; };
		84605DD22534BF1900E2E0DB /* Cat+Spec.swift */ = {isa = PBXFileReference; lastKnownFileType = sourcecode.swift; path = "Cat+Spec.swift"; sourceTree = "<group>"; };
		84605DDC2535049200E2E0DB /* CatWire+Mock.swift */ = {isa = PBXFileReference; lastKnownFileType = sourcecode.swift; path = "CatWire+Mock.swift"; sourceTree = "<group>"; };
		84605DE42535050800E2E0DB /* FeedTime+Equatable.swift */ = {isa = PBXFileReference; lastKnownFileType = sourcecode.swift; path = "FeedTime+Equatable.swift"; sourceTree = "<group>"; };
		84605DEA2535057200E2E0DB /* CatWire+Spec.swift */ = {isa = PBXFileReference; lastKnownFileType = sourcecode.swift; path = "CatWire+Spec.swift"; sourceTree = "<group>"; };
		84605DF22535071800E2E0DB /* Cat+Mock.swift */ = {isa = PBXFileReference; lastKnownFileType = sourcecode.swift; path = "Cat+Mock.swift"; sourceTree = "<group>"; };
		84605DF72535084000E2E0DB /* FeedTimeWire+Equatable.swift */ = {isa = PBXFileReference; lastKnownFileType = sourcecode.swift; path = "FeedTimeWire+Equatable.swift"; sourceTree = "<group>"; };
		84605E0D253512AB00E2E0DB /* CatRealmDataSource.swift */ = {isa = PBXFileReference; lastKnownFileType = sourcecode.swift; path = CatRealmDataSource.swift; sourceTree = "<group>"; };
		84605E15253512E400E2E0DB /* CatRealmEntity.swift */ = {isa = PBXFileReference; lastKnownFileType = sourcecode.swift; path = CatRealmEntity.swift; sourceTree = "<group>"; };
		84605E1D2535130900E2E0DB /* FeedTimeRealmEntity.swift */ = {isa = PBXFileReference; lastKnownFileType = sourcecode.swift; path = FeedTimeRealmEntity.swift; sourceTree = "<group>"; };
		84605E232535135300E2E0DB /* RealmFactory.swift */ = {isa = PBXFileReference; lastKnownFileType = sourcecode.swift; path = RealmFactory.swift; sourceTree = "<group>"; };
		84605E29253513B800E2E0DB /* ErrorApp.swift */ = {isa = PBXFileReference; lastKnownFileType = sourcecode.swift; path = ErrorApp.swift; sourceTree = "<group>"; };
		84605E31253529FA00E2E0DB /* CatRepository.swift */ = {isa = PBXFileReference; lastKnownFileType = sourcecode.swift; path = CatRepository.swift; sourceTree = "<group>"; };
		84605E3625352BC900E2E0DB /* CatRepository+Spec.swift */ = {isa = PBXFileReference; lastKnownFileType = sourcecode.swift; path = "CatRepository+Spec.swift"; sourceTree = "<group>"; };
		84605E3B253536A800E2E0DB /* CatRealmDataSourceMock.swift */ = {isa = PBXFileReference; lastKnownFileType = sourcecode.swift; path = CatRealmDataSourceMock.swift; sourceTree = "<group>"; };
		84C90F352543AEB300B96285 /* SelectTimeView.swift */ = {isa = PBXFileReference; lastKnownFileType = sourcecode.swift; path = SelectTimeView.swift; sourceTree = "<group>"; };
		84C90F3E2543AF3800B96285 /* SelectedTimeDTO.swift */ = {isa = PBXFileReference; lastKnownFileType = sourcecode.swift; path = SelectedTimeDTO.swift; sourceTree = "<group>"; };
		84C90F462543AF5600B96285 /* SelectedTimeDTO+Time.swift */ = {isa = PBXFileReference; lastKnownFileType = sourcecode.swift; path = "SelectedTimeDTO+Time.swift"; sourceTree = "<group>"; };
		84C90F4F2543B24F00B96285 /* EditCatView.swift */ = {isa = PBXFileReference; lastKnownFileType = sourcecode.swift; path = EditCatView.swift; sourceTree = "<group>"; };
		84C90F572543B26B00B96285 /* EditCatViewModel.swift */ = {isa = PBXFileReference; lastKnownFileType = sourcecode.swift; path = EditCatViewModel.swift; sourceTree = "<group>"; };
		84C90F5C2543B29A00B96285 /* EditCatAssembler.swift */ = {isa = PBXFileReference; lastKnownFileType = sourcecode.swift; path = EditCatAssembler.swift; sourceTree = "<group>"; };
		84C90F612543B2C800B96285 /* AppContainer.swift */ = {isa = PBXFileReference; lastKnownFileType = sourcecode.swift; path = AppContainer.swift; sourceTree = "<group>"; };
		84C90F672543B84A00B96285 /* AddCatView.swift */ = {isa = PBXFileReference; lastKnownFileType = sourcecode.swift; path = AddCatView.swift; sourceTree = "<group>"; };
		84C90F6C2543B86A00B96285 /* AddCatViewModel.swift */ = {isa = PBXFileReference; lastKnownFileType = sourcecode.swift; path = AddCatViewModel.swift; sourceTree = "<group>"; };
		84C90F712543B8B800B96285 /* AddCatAssembler.swift */ = {isa = PBXFileReference; lastKnownFileType = sourcecode.swift; path = AddCatAssembler.swift; sourceTree = "<group>"; };
		84C90F772543B95400B96285 /* CatListAssembler.swift */ = {isa = PBXFileReference; lastKnownFileType = sourcecode.swift; path = CatListAssembler.swift; sourceTree = "<group>"; };
		84C90F7F2543B97000B96285 /* CatListView.swift */ = {isa = PBXFileReference; lastKnownFileType = sourcecode.swift; path = CatListView.swift; sourceTree = "<group>"; };
		84C90F872543B9AD00B96285 /* CatListViewModel.swift */ = {isa = PBXFileReference; lastKnownFileType = sourcecode.swift; path = CatListViewModel.swift; sourceTree = "<group>"; };
		84C90F8D2543B9FD00B96285 /* CatListRowView.swift */ = {isa = PBXFileReference; lastKnownFileType = sourcecode.swift; path = CatListRowView.swift; sourceTree = "<group>"; };
		84C90F922543BA0E00B96285 /* CatListRowViewModel.swift */ = {isa = PBXFileReference; lastKnownFileType = sourcecode.swift; path = CatListRowViewModel.swift; sourceTree = "<group>"; };
		84C90FAB2544662800B96285 /* LocalNotification.swift */ = {isa = PBXFileReference; lastKnownFileType = sourcecode.swift; path = LocalNotification.swift; sourceTree = "<group>"; };
		84C90FB42544668C00B96285 /* UNNotificationRequest+Init.swift */ = {isa = PBXFileReference; lastKnownFileType = sourcecode.swift; path = "UNNotificationRequest+Init.swift"; sourceTree = "<group>"; };
		84C90FBC2544AB3900B96285 /* Sequence+Distinct.swift */ = {isa = PBXFileReference; lastKnownFileType = sourcecode.swift; path = "Sequence+Distinct.swift"; sourceTree = "<group>"; };
		84C90FC12544ABAE00B96285 /* LocalNotificationManager.swift */ = {isa = PBXFileReference; lastKnownFileType = sourcecode.swift; path = LocalNotificationManager.swift; sourceTree = "<group>"; };
		84C90FC62544ABC400B96285 /* LocalNotificationFactory.swift */ = {isa = PBXFileReference; lastKnownFileType = sourcecode.swift; path = LocalNotificationFactory.swift; sourceTree = "<group>"; };
		84C90FCB2544ABDA00B96285 /* UserNotificationCenter.swift */ = {isa = PBXFileReference; lastKnownFileType = sourcecode.swift; path = UserNotificationCenter.swift; sourceTree = "<group>"; };
		84C90FDA2544B12C00B96285 /* FeedTime+Spec.swift */ = {isa = PBXFileReference; lastKnownFileType = sourcecode.swift; path = "FeedTime+Spec.swift"; sourceTree = "<group>"; };
		84C90FEA2544B78400B96285 /* FeedTimeWire+Mock.swift */ = {isa = PBXFileReference; lastKnownFileType = sourcecode.swift; path = "FeedTimeWire+Mock.swift"; sourceTree = "<group>"; };
		84C90FF22544CADA00B96285 /* CatRepositoryMock.swift */ = {isa = PBXFileReference; lastKnownFileType = sourcecode.swift; path = CatRepositoryMock.swift; sourceTree = "<group>"; };
/* End PBXFileReference section */

/* Begin PBXFrameworksBuildPhase section */
		84605D762534BA6D00E2E0DB /* Frameworks */ = {
			isa = PBXFrameworksBuildPhase;
			buildActionMask = 2147483647;
			files = (
				84605E07253511AD00E2E0DB /* RealmSwift in Frameworks */,
			);
			runOnlyForDeploymentPostprocessing = 0;
		};
		84605D872534BA7000E2E0DB /* Frameworks */ = {
			isa = PBXFrameworksBuildPhase;
			buildActionMask = 2147483647;
			files = (
				84605DAC2534BCED00E2E0DB /* Quick in Frameworks */,
				84605DB22534BD2200E2E0DB /* Nimble in Frameworks */,
			);
			runOnlyForDeploymentPostprocessing = 0;
		};
		84605D922534BA7000E2E0DB /* Frameworks */ = {
			isa = PBXFrameworksBuildPhase;
			buildActionMask = 2147483647;
			files = (
			);
			runOnlyForDeploymentPostprocessing = 0;
		};
/* End PBXFrameworksBuildPhase section */

/* Begin PBXGroup section */
		84605D702534BA6D00E2E0DB = {
			isa = PBXGroup;
			children = (
				84605D7B2534BA6D00E2E0DB /* Maskota */,
				84605D8D2534BA7000E2E0DB /* MaskotaTests */,
				84605D982534BA7000E2E0DB /* MaskotaUITests */,
				84605D7A2534BA6D00E2E0DB /* Products */,
			);
			sourceTree = "<group>";
		};
		84605D7A2534BA6D00E2E0DB /* Products */ = {
			isa = PBXGroup;
			children = (
				84605D792534BA6D00E2E0DB /* Maskota.app */,
				84605D8A2534BA7000E2E0DB /* MaskotaTests.xctest */,
				84605D952534BA7000E2E0DB /* MaskotaUITests.xctest */,
			);
			name = Products;
			sourceTree = "<group>";
		};
		84605D7B2534BA6D00E2E0DB /* Maskota */ = {
			isa = PBXGroup;
			children = (
				84605E28253513A900E2E0DB /* App */,
				84605DC02534BE2C00E2E0DB /* Data */,
				84605DB62534BD8100E2E0DB /* Domain */,
				84605D7C2534BA6D00E2E0DB /* MaskotaApp.swift */,
				84605D802534BA6F00E2E0DB /* Assets.xcassets */,
				84605D852534BA6F00E2E0DB /* Info.plist */,
				84605D822534BA6F00E2E0DB /* Preview Content */,
			);
			path = Maskota;
			sourceTree = "<group>";
		};
		84605D822534BA6F00E2E0DB /* Preview Content */ = {
			isa = PBXGroup;
			children = (
				84605D832534BA6F00E2E0DB /* Preview Assets.xcassets */,
			);
			path = "Preview Content";
			sourceTree = "<group>";
		};
		84605D8D2534BA7000E2E0DB /* MaskotaTests */ = {
			isa = PBXGroup;
			children = (
				84605DDA2535046300E2E0DB /* Data */,
				84605DD12534BEF100E2E0DB /* Domain */,
				84605D8E2534BA7000E2E0DB /* MaskotaTests.swift */,
				84605D902534BA7000E2E0DB /* Info.plist */,
			);
			path = MaskotaTests;
			sourceTree = "<group>";
		};
		84605D982534BA7000E2E0DB /* MaskotaUITests */ = {
			isa = PBXGroup;
			children = (
				84605D992534BA7000E2E0DB /* MaskotaUITests.swift */,
				84605D9B2534BA7000E2E0DB /* Info.plist */,
			);
			path = MaskotaUITests;
			sourceTree = "<group>";
		};
		84605DB62534BD8100E2E0DB /* Domain */ = {
			isa = PBXGroup;
			children = (
				84605DB72534BDA800E2E0DB /* Models */,
				840CC046253D229F00C97042 /* CatUseCases.swift */,
			);
			path = Domain;
			sourceTree = "<group>";
		};
		84605DB72534BDA800E2E0DB /* Models */ = {
			isa = PBXGroup;
			children = (
				84605DB82534BDC300E2E0DB /* Cat.swift */,
				84605DCC2534BEAE00E2E0DB /* FeedTime.swift */,
			);
			path = Models;
			sourceTree = "<group>";
		};
		84605DC02534BE2C00E2E0DB /* Data */ = {
			isa = PBXGroup;
			children = (
				84605E0B2535127700E2E0DB /* Realm */,
				84605DC12534BE4400E2E0DB /* Models */,
				84605E31253529FA00E2E0DB /* CatRepository.swift */,
			);
			path = Data;
			sourceTree = "<group>";
		};
		84605DC12534BE4400E2E0DB /* Models */ = {
			isa = PBXGroup;
			children = (
				84605DC22534BE7100E2E0DB /* CatWire.swift */,
				84605DC72534BE8900E2E0DB /* FeedTimeWire.swift */,
			);
			path = Models;
			sourceTree = "<group>";
		};
		84605DD12534BEF100E2E0DB /* Domain */ = {
			isa = PBXGroup;
			children = (
				84C90FD92544B0F900B96285 /* Models */,
				84605DDB2535047E00E2E0DB /* Helpers */,
				840CC04B253D238C00C97042 /* CatUseCase+Spec.swift */,
			);
			path = Domain;
			sourceTree = "<group>";
		};
		84605DDA2535046300E2E0DB /* Data */ = {
			isa = PBXGroup;
			children = (
				84605DE92535053A00E2E0DB /* Helpers */,
				84605DEA2535057200E2E0DB /* CatWire+Spec.swift */,
				84605E3625352BC900E2E0DB /* CatRepository+Spec.swift */,
				84605E3B253536A800E2E0DB /* CatRealmDataSourceMock.swift */,
			);
			path = Data;
			sourceTree = "<group>";
		};
		84605DDB2535047E00E2E0DB /* Helpers */ = {
			isa = PBXGroup;
			children = (
				84605DF22535071800E2E0DB /* Cat+Mock.swift */,
				84605DE42535050800E2E0DB /* FeedTime+Equatable.swift */,
				84C90FF22544CADA00B96285 /* CatRepositoryMock.swift */,
			);
			path = Helpers;
			sourceTree = "<group>";
		};
		84605DE92535053A00E2E0DB /* Helpers */ = {
			isa = PBXGroup;
			children = (
				84605DDC2535049200E2E0DB /* CatWire+Mock.swift */,
				84C90FEA2544B78400B96285 /* FeedTimeWire+Mock.swift */,
				84605DF72535084000E2E0DB /* FeedTimeWire+Equatable.swift */,
			);
			path = Helpers;
			sourceTree = "<group>";
		};
		84605E0B2535127700E2E0DB /* Realm */ = {
			isa = PBXGroup;
			children = (
				84605E222535131A00E2E0DB /* Models */,
				84605E0D253512AB00E2E0DB /* CatRealmDataSource.swift */,
				84605E232535135300E2E0DB /* RealmFactory.swift */,
			);
			path = Realm;
			sourceTree = "<group>";
		};
		84605E222535131A00E2E0DB /* Models */ = {
			isa = PBXGroup;
			children = (
				84605E1D2535130900E2E0DB /* FeedTimeRealmEntity.swift */,
				84605E15253512E400E2E0DB /* CatRealmEntity.swift */,
			);
			path = Models;
			sourceTree = "<group>";
		};
		84605E28253513A900E2E0DB /* App */ = {
			isa = PBXGroup;
			children = (
				84C90FA9254465C000B96285 /* Notiication */,
				84C90F342543AEA200B96285 /* Modules */,
				84605E29253513B800E2E0DB /* ErrorApp.swift */,
				84C90F612543B2C800B96285 /* AppContainer.swift */,
			);
			path = App;
			sourceTree = "<group>";
		};
		84C90F342543AEA200B96285 /* Modules */ = {
			isa = PBXGroup;
			children = (
				84C90F3D2543AF1F00B96285 /* SelectTime */,
				84C90F662543B82700B96285 /* AddCat */,
				84C90F4E2543B23500B96285 /* EditCat */,
				84C90F762543B91300B96285 /* CatList */,
			);
			path = Modules;
			sourceTree = "<group>";
		};
		84C90F3D2543AF1F00B96285 /* SelectTime */ = {
			isa = PBXGroup;
			children = (
				84C90F352543AEB300B96285 /* SelectTimeView.swift */,
				84C90F3E2543AF3800B96285 /* SelectedTimeDTO.swift */,
				84C90F462543AF5600B96285 /* SelectedTimeDTO+Time.swift */,
			);
			path = SelectTime;
			sourceTree = "<group>";
		};
		84C90F4E2543B23500B96285 /* EditCat */ = {
			isa = PBXGroup;
			children = (
				84C90F5C2543B29A00B96285 /* EditCatAssembler.swift */,
				84C90F4F2543B24F00B96285 /* EditCatView.swift */,
				84C90F572543B26B00B96285 /* EditCatViewModel.swift */,
			);
			path = EditCat;
			sourceTree = "<group>";
		};
		84C90F662543B82700B96285 /* AddCat */ = {
			isa = PBXGroup;
			children = (
				84C90F712543B8B800B96285 /* AddCatAssembler.swift */,
				84C90F672543B84A00B96285 /* AddCatView.swift */,
				84C90F6C2543B86A00B96285 /* AddCatViewModel.swift */,
			);
			path = AddCat;
			sourceTree = "<group>";
		};
		84C90F762543B91300B96285 /* CatList */ = {
			isa = PBXGroup;
			children = (
				84C90F8C2543B9EF00B96285 /* Row */,
				84C90F772543B95400B96285 /* CatListAssembler.swift */,
				84C90F7F2543B97000B96285 /* CatListView.swift */,
				84C90F872543B9AD00B96285 /* CatListViewModel.swift */,
			);
			path = CatList;
			sourceTree = "<group>";
		};
		84C90F8C2543B9EF00B96285 /* Row */ = {
			isa = PBXGroup;
			children = (
				84C90F8D2543B9FD00B96285 /* CatListRowView.swift */,
				84C90F922543BA0E00B96285 /* CatListRowViewModel.swift */,
			);
			path = Row;
			sourceTree = "<group>";
		};
		84C90FA9254465C000B96285 /* Notiication */ = {
			isa = PBXGroup;
			children = (
				84C90FB32544667700B96285 /* Extensions */,
				84C90FAA254465D100B96285 /* Model */,
				84C90FC12544ABAE00B96285 /* LocalNotificationManager.swift */,
				84C90FC62544ABC400B96285 /* LocalNotificationFactory.swift */,
				84C90FCB2544ABDA00B96285 /* UserNotificationCenter.swift */,
			);
			path = Notiication;
			sourceTree = "<group>";
		};
		84C90FAA254465D100B96285 /* Model */ = {
			isa = PBXGroup;
			children = (
				84C90FAB2544662800B96285 /* LocalNotification.swift */,
			);
			path = Model;
			sourceTree = "<group>";
		};
		84C90FB32544667700B96285 /* Extensions */ = {
			isa = PBXGroup;
			children = (
				84C90FB42544668C00B96285 /* UNNotificationRequest+Init.swift */,
				84C90FBC2544AB3900B96285 /* Sequence+Distinct.swift */,
			);
			path = Extensions;
			sourceTree = "<group>";
		};
		84C90FD92544B0F900B96285 /* Models */ = {
			isa = PBXGroup;
			children = (
				84605DD22534BF1900E2E0DB /* Cat+Spec.swift */,
				84C90FDA2544B12C00B96285 /* FeedTime+Spec.swift */,
			);
			path = Models;
			sourceTree = "<group>";
		};
/* End PBXGroup section */

/* Begin PBXNativeTarget section */
		84605D782534BA6D00E2E0DB /* Maskota */ = {
			isa = PBXNativeTarget;
			buildConfigurationList = 84605D9E2534BA7000E2E0DB /* Build configuration list for PBXNativeTarget "Maskota" */;
			buildPhases = (
				84605D752534BA6D00E2E0DB /* Sources */,
				84605D762534BA6D00E2E0DB /* Frameworks */,
				84605D772534BA6D00E2E0DB /* Resources */,
			);
			buildRules = (
			);
			dependencies = (
			);
			name = Maskota;
			packageProductDependencies = (
				84605E06253511AD00E2E0DB /* RealmSwift */,
			);
			productName = Maskota;
			productReference = 84605D792534BA6D00E2E0DB /* Maskota.app */;
			productType = "com.apple.product-type.application";
		};
		84605D892534BA7000E2E0DB /* MaskotaTests */ = {
			isa = PBXNativeTarget;
			buildConfigurationList = 84605DA12534BA7000E2E0DB /* Build configuration list for PBXNativeTarget "MaskotaTests" */;
			buildPhases = (
				84605D862534BA7000E2E0DB /* Sources */,
				84605D872534BA7000E2E0DB /* Frameworks */,
				84605D882534BA7000E2E0DB /* Resources */,
			);
			buildRules = (
			);
			dependencies = (
				84605D8C2534BA7000E2E0DB /* PBXTargetDependency */,
			);
			name = MaskotaTests;
			packageProductDependencies = (
				84605DAB2534BCED00E2E0DB /* Quick */,
				84605DB12534BD2200E2E0DB /* Nimble */,
			);
			productName = MaskotaTests;
			productReference = 84605D8A2534BA7000E2E0DB /* MaskotaTests.xctest */;
			productType = "com.apple.product-type.bundle.unit-test";
		};
		84605D942534BA7000E2E0DB /* MaskotaUITests */ = {
			isa = PBXNativeTarget;
			buildConfigurationList = 84605DA42534BA7000E2E0DB /* Build configuration list for PBXNativeTarget "MaskotaUITests" */;
			buildPhases = (
				84605D912534BA7000E2E0DB /* Sources */,
				84605D922534BA7000E2E0DB /* Frameworks */,
				84605D932534BA7000E2E0DB /* Resources */,
			);
			buildRules = (
			);
			dependencies = (
				84605D972534BA7000E2E0DB /* PBXTargetDependency */,
			);
			name = MaskotaUITests;
			productName = MaskotaUITests;
			productReference = 84605D952534BA7000E2E0DB /* MaskotaUITests.xctest */;
			productType = "com.apple.product-type.bundle.ui-testing";
		};
/* End PBXNativeTarget section */

/* Begin PBXProject section */
		84605D712534BA6D00E2E0DB /* Project object */ = {
			isa = PBXProject;
			attributes = {
				LastSwiftUpdateCheck = 1200;
				LastUpgradeCheck = 1200;
				TargetAttributes = {
					84605D782534BA6D00E2E0DB = {
						CreatedOnToolsVersion = 12.0.1;
					};
					84605D892534BA7000E2E0DB = {
						CreatedOnToolsVersion = 12.0.1;
						TestTargetID = 84605D782534BA6D00E2E0DB;
					};
					84605D942534BA7000E2E0DB = {
						CreatedOnToolsVersion = 12.0.1;
						TestTargetID = 84605D782534BA6D00E2E0DB;
					};
				};
			};
			buildConfigurationList = 84605D742534BA6D00E2E0DB /* Build configuration list for PBXProject "Maskota" */;
			compatibilityVersion = "Xcode 9.3";
			developmentRegion = en;
			hasScannedForEncodings = 0;
			knownRegions = (
				en,
				Base,
			);
			mainGroup = 84605D702534BA6D00E2E0DB;
			packageReferences = (
				84605DAA2534BCED00E2E0DB /* XCRemoteSwiftPackageReference "Quick" */,
				84605DB02534BD2200E2E0DB /* XCRemoteSwiftPackageReference "Nimble" */,
				84605E05253511AD00E2E0DB /* XCRemoteSwiftPackageReference "realm-cocoa" */,
			);
			productRefGroup = 84605D7A2534BA6D00E2E0DB /* Products */;
			projectDirPath = "";
			projectRoot = "";
			targets = (
				84605D782534BA6D00E2E0DB /* Maskota */,
				84605D892534BA7000E2E0DB /* MaskotaTests */,
				84605D942534BA7000E2E0DB /* MaskotaUITests */,
			);
		};
/* End PBXProject section */

/* Begin PBXResourcesBuildPhase section */
		84605D772534BA6D00E2E0DB /* Resources */ = {
			isa = PBXResourcesBuildPhase;
			buildActionMask = 2147483647;
			files = (
				84605D842534BA6F00E2E0DB /* Preview Assets.xcassets in Resources */,
				84605D812534BA6F00E2E0DB /* Assets.xcassets in Resources */,
			);
			runOnlyForDeploymentPostprocessing = 0;
		};
		84605D882534BA7000E2E0DB /* Resources */ = {
			isa = PBXResourcesBuildPhase;
			buildActionMask = 2147483647;
			files = (
			);
			runOnlyForDeploymentPostprocessing = 0;
		};
		84605D932534BA7000E2E0DB /* Resources */ = {
			isa = PBXResourcesBuildPhase;
			buildActionMask = 2147483647;
			files = (
			);
			runOnlyForDeploymentPostprocessing = 0;
		};
/* End PBXResourcesBuildPhase section */

/* Begin PBXSourcesBuildPhase section */
		84605D752534BA6D00E2E0DB /* Sources */ = {
			isa = PBXSourcesBuildPhase;
			buildActionMask = 2147483647;
			files = (
				84C90F8E2543B9FD00B96285 /* CatListRowView.swift in Sources */,
				84C90FB52544668C00B96285 /* UNNotificationRequest+Init.swift in Sources */,
				84C90F5D2543B29A00B96285 /* EditCatAssembler.swift in Sources */,
				84C90FC72544ABC400B96285 /* LocalNotificationFactory.swift in Sources */,
				84C90F682543B84A00B96285 /* AddCatView.swift in Sources */,
				84C90F932543BA0E00B96285 /* CatListRowViewModel.swift in Sources */,
				84C90FAC2544662800B96285 /* LocalNotification.swift in Sources */,
				840CC047253D229F00C97042 /* CatUseCases.swift in Sources */,
				84605D7D2534BA6D00E2E0DB /* MaskotaApp.swift in Sources */,
				84605DCD2534BEAE00E2E0DB /* FeedTime.swift in Sources */,
				84605DB92534BDC300E2E0DB /* Cat.swift in Sources */,
				84C90FCC2544ABDA00B96285 /* UserNotificationCenter.swift in Sources */,
				84C90F362543AEB300B96285 /* SelectTimeView.swift in Sources */,
				84605DC82534BE8900E2E0DB /* FeedTimeWire.swift in Sources */,
				84C90F582543B26B00B96285 /* EditCatViewModel.swift in Sources */,
				84605E1E2535130900E2E0DB /* FeedTimeRealmEntity.swift in Sources */,
				84C90F6D2543B86A00B96285 /* AddCatViewModel.swift in Sources */,
				84C90F502543B24F00B96285 /* EditCatView.swift in Sources */,
				84C90FBD2544AB3900B96285 /* Sequence+Distinct.swift in Sources */,
				84605E242535135300E2E0DB /* RealmFactory.swift in Sources */,
				84C90F882543B9AD00B96285 /* CatListViewModel.swift in Sources */,
				84605E16253512E400E2E0DB /* CatRealmEntity.swift in Sources */,
				84605E0E253512AB00E2E0DB /* CatRealmDataSource.swift in Sources */,
				84C90F722543B8B800B96285 /* AddCatAssembler.swift in Sources */,
				84C90F802543B97000B96285 /* CatListView.swift in Sources */,
				84C90F3F2543AF3800B96285 /* SelectedTimeDTO.swift in Sources */,
				84605E2A253513B800E2E0DB /* ErrorApp.swift in Sources */,
				84C90F782543B95400B96285 /* CatListAssembler.swift in Sources */,
				84605E32253529FA00E2E0DB /* CatRepository.swift in Sources */,
				84C90FC22544ABAE00B96285 /* LocalNotificationManager.swift in Sources */,
				84C90F622543B2C800B96285 /* AppContainer.swift in Sources */,
				84C90F472543AF5600B96285 /* SelectedTimeDTO+Time.swift in Sources */,
				84605DC32534BE7100E2E0DB /* CatWire.swift in Sources */,
			);
			runOnlyForDeploymentPostprocessing = 0;
		};
		84605D862534BA7000E2E0DB /* Sources */ = {
			isa = PBXSourcesBuildPhase;
			buildActionMask = 2147483647;
			files = (
				84C90FEB2544B78400B96285 /* FeedTimeWire+Mock.swift in Sources */,
				84605D8F2534BA7000E2E0DB /* MaskotaTests.swift in Sources */,
				84605E3725352BC900E2E0DB /* CatRepository+Spec.swift in Sources */,
				84605DE52535050800E2E0DB /* FeedTime+Equatable.swift in Sources */,
				840CC04C253D238C00C97042 /* CatUseCase+Spec.swift in Sources */,
				84605E3C253536A800E2E0DB /* CatRealmDataSourceMock.swift in Sources */,
				84605DF32535071800E2E0DB /* Cat+Mock.swift in Sources */,
				84C90FDB2544B12C00B96285 /* FeedTime+Spec.swift in Sources */,
				84605DF82535084000E2E0DB /* FeedTimeWire+Equatable.swift in Sources */,
				84C90FF32544CADA00B96285 /* CatRepositoryMock.swift in Sources */,
				84605DD32534BF1900E2E0DB /* Cat+Spec.swift in Sources */,
				84605DEB2535057200E2E0DB /* CatWire+Spec.swift in Sources */,
				84605DDD2535049200E2E0DB /* CatWire+Mock.swift in Sources */,
			);
			runOnlyForDeploymentPostprocessing = 0;
		};
		84605D912534BA7000E2E0DB /* Sources */ = {
			isa = PBXSourcesBuildPhase;
			buildActionMask = 2147483647;
			files = (
				84605D9A2534BA7000E2E0DB /* MaskotaUITests.swift in Sources */,
			);
			runOnlyForDeploymentPostprocessing = 0;
		};
/* End PBXSourcesBuildPhase section */

/* Begin PBXTargetDependency section */
		84605D8C2534BA7000E2E0DB /* PBXTargetDependency */ = {
			isa = PBXTargetDependency;
			target = 84605D782534BA6D00E2E0DB /* Maskota */;
			targetProxy = 84605D8B2534BA7000E2E0DB /* PBXContainerItemProxy */;
		};
		84605D972534BA7000E2E0DB /* PBXTargetDependency */ = {
			isa = PBXTargetDependency;
			target = 84605D782534BA6D00E2E0DB /* Maskota */;
			targetProxy = 84605D962534BA7000E2E0DB /* PBXContainerItemProxy */;
		};
/* End PBXTargetDependency section */

/* Begin XCBuildConfiguration section */
		84605D9C2534BA7000E2E0DB /* Debug */ = {
			isa = XCBuildConfiguration;
			buildSettings = {
				ALWAYS_SEARCH_USER_PATHS = NO;
				CLANG_ANALYZER_NONNULL = YES;
				CLANG_ANALYZER_NUMBER_OBJECT_CONVERSION = YES_AGGRESSIVE;
				CLANG_CXX_LANGUAGE_STANDARD = "gnu++14";
				CLANG_CXX_LIBRARY = "libc++";
				CLANG_ENABLE_MODULES = YES;
				CLANG_ENABLE_OBJC_ARC = YES;
				CLANG_ENABLE_OBJC_WEAK = YES;
				CLANG_WARN_BLOCK_CAPTURE_AUTORELEASING = YES;
				CLANG_WARN_BOOL_CONVERSION = YES;
				CLANG_WARN_COMMA = YES;
				CLANG_WARN_CONSTANT_CONVERSION = YES;
				CLANG_WARN_DEPRECATED_OBJC_IMPLEMENTATIONS = YES;
				CLANG_WARN_DIRECT_OBJC_ISA_USAGE = YES_ERROR;
				CLANG_WARN_DOCUMENTATION_COMMENTS = YES;
				CLANG_WARN_EMPTY_BODY = YES;
				CLANG_WARN_ENUM_CONVERSION = YES;
				CLANG_WARN_INFINITE_RECURSION = YES;
				CLANG_WARN_INT_CONVERSION = YES;
				CLANG_WARN_NON_LITERAL_NULL_CONVERSION = YES;
				CLANG_WARN_OBJC_IMPLICIT_RETAIN_SELF = YES;
				CLANG_WARN_OBJC_LITERAL_CONVERSION = YES;
				CLANG_WARN_OBJC_ROOT_CLASS = YES_ERROR;
				CLANG_WARN_QUOTED_INCLUDE_IN_FRAMEWORK_HEADER = YES;
				CLANG_WARN_RANGE_LOOP_ANALYSIS = YES;
				CLANG_WARN_STRICT_PROTOTYPES = YES;
				CLANG_WARN_SUSPICIOUS_MOVE = YES;
				CLANG_WARN_UNGUARDED_AVAILABILITY = YES_AGGRESSIVE;
				CLANG_WARN_UNREACHABLE_CODE = YES;
				CLANG_WARN__DUPLICATE_METHOD_MATCH = YES;
				COPY_PHASE_STRIP = NO;
				DEBUG_INFORMATION_FORMAT = dwarf;
				ENABLE_STRICT_OBJC_MSGSEND = YES;
				ENABLE_TESTABILITY = YES;
				GCC_C_LANGUAGE_STANDARD = gnu11;
				GCC_DYNAMIC_NO_PIC = NO;
				GCC_NO_COMMON_BLOCKS = YES;
				GCC_OPTIMIZATION_LEVEL = 0;
				GCC_PREPROCESSOR_DEFINITIONS = (
					"DEBUG=1",
					"$(inherited)",
				);
				GCC_WARN_64_TO_32_BIT_CONVERSION = YES;
				GCC_WARN_ABOUT_RETURN_TYPE = YES_ERROR;
				GCC_WARN_UNDECLARED_SELECTOR = YES;
				GCC_WARN_UNINITIALIZED_AUTOS = YES_AGGRESSIVE;
				GCC_WARN_UNUSED_FUNCTION = YES;
				GCC_WARN_UNUSED_VARIABLE = YES;
				IPHONEOS_DEPLOYMENT_TARGET = 14.0;
				MTL_ENABLE_DEBUG_INFO = INCLUDE_SOURCE;
				MTL_FAST_MATH = YES;
				ONLY_ACTIVE_ARCH = YES;
				SDKROOT = iphoneos;
				SWIFT_ACTIVE_COMPILATION_CONDITIONS = DEBUG;
				SWIFT_OPTIMIZATION_LEVEL = "-Onone";
			};
			name = Debug;
		};
		84605D9D2534BA7000E2E0DB /* Release */ = {
			isa = XCBuildConfiguration;
			buildSettings = {
				ALWAYS_SEARCH_USER_PATHS = NO;
				CLANG_ANALYZER_NONNULL = YES;
				CLANG_ANALYZER_NUMBER_OBJECT_CONVERSION = YES_AGGRESSIVE;
				CLANG_CXX_LANGUAGE_STANDARD = "gnu++14";
				CLANG_CXX_LIBRARY = "libc++";
				CLANG_ENABLE_MODULES = YES;
				CLANG_ENABLE_OBJC_ARC = YES;
				CLANG_ENABLE_OBJC_WEAK = YES;
				CLANG_WARN_BLOCK_CAPTURE_AUTORELEASING = YES;
				CLANG_WARN_BOOL_CONVERSION = YES;
				CLANG_WARN_COMMA = YES;
				CLANG_WARN_CONSTANT_CONVERSION = YES;
				CLANG_WARN_DEPRECATED_OBJC_IMPLEMENTATIONS = YES;
				CLANG_WARN_DIRECT_OBJC_ISA_USAGE = YES_ERROR;
				CLANG_WARN_DOCUMENTATION_COMMENTS = YES;
				CLANG_WARN_EMPTY_BODY = YES;
				CLANG_WARN_ENUM_CONVERSION = YES;
				CLANG_WARN_INFINITE_RECURSION = YES;
				CLANG_WARN_INT_CONVERSION = YES;
				CLANG_WARN_NON_LITERAL_NULL_CONVERSION = YES;
				CLANG_WARN_OBJC_IMPLICIT_RETAIN_SELF = YES;
				CLANG_WARN_OBJC_LITERAL_CONVERSION = YES;
				CLANG_WARN_OBJC_ROOT_CLASS = YES_ERROR;
				CLANG_WARN_QUOTED_INCLUDE_IN_FRAMEWORK_HEADER = YES;
				CLANG_WARN_RANGE_LOOP_ANALYSIS = YES;
				CLANG_WARN_STRICT_PROTOTYPES = YES;
				CLANG_WARN_SUSPICIOUS_MOVE = YES;
				CLANG_WARN_UNGUARDED_AVAILABILITY = YES_AGGRESSIVE;
				CLANG_WARN_UNREACHABLE_CODE = YES;
				CLANG_WARN__DUPLICATE_METHOD_MATCH = YES;
				COPY_PHASE_STRIP = NO;
				DEBUG_INFORMATION_FORMAT = "dwarf-with-dsym";
				ENABLE_NS_ASSERTIONS = NO;
				ENABLE_STRICT_OBJC_MSGSEND = YES;
				GCC_C_LANGUAGE_STANDARD = gnu11;
				GCC_NO_COMMON_BLOCKS = YES;
				GCC_WARN_64_TO_32_BIT_CONVERSION = YES;
				GCC_WARN_ABOUT_RETURN_TYPE = YES_ERROR;
				GCC_WARN_UNDECLARED_SELECTOR = YES;
				GCC_WARN_UNINITIALIZED_AUTOS = YES_AGGRESSIVE;
				GCC_WARN_UNUSED_FUNCTION = YES;
				GCC_WARN_UNUSED_VARIABLE = YES;
				IPHONEOS_DEPLOYMENT_TARGET = 14.0;
				MTL_ENABLE_DEBUG_INFO = NO;
				MTL_FAST_MATH = YES;
				SDKROOT = iphoneos;
				SWIFT_COMPILATION_MODE = wholemodule;
				SWIFT_OPTIMIZATION_LEVEL = "-O";
				VALIDATE_PRODUCT = YES;
			};
			name = Release;
		};
		84605D9F2534BA7000E2E0DB /* Debug */ = {
			isa = XCBuildConfiguration;
			buildSettings = {
				ASSETCATALOG_COMPILER_APPICON_NAME = AppIcon;
				ASSETCATALOG_COMPILER_GLOBAL_ACCENT_COLOR_NAME = AccentColor;
				CODE_SIGN_STYLE = Manual;
				CURRENT_PROJECT_VERSION = 3;
				DEVELOPMENT_ASSET_PATHS = "\"Maskota/Preview Content\"";
				DEVELOPMENT_TEAM = "";
				ENABLE_PREVIEWS = YES;
				INFOPLIST_FILE = Maskota/Info.plist;
				IPHONEOS_DEPLOYMENT_TARGET = 14.0;
				LD_RUNPATH_SEARCH_PATHS = (
					"$(inherited)",
					"@executable_path/Frameworks",
				);
				PRODUCT_BUNDLE_IDENTIFIER = com.valacomini.gatoo;
				PRODUCT_NAME = "$(TARGET_NAME)";
				PROVISIONING_PROFILE_SPECIFIER = "";
				SWIFT_VERSION = 5.0;
				TARGETED_DEVICE_FAMILY = "1,2";
			};
			name = Debug;
		};
		84605DA02534BA7000E2E0DB /* Release */ = {
			isa = XCBuildConfiguration;
			buildSettings = {
				ASSETCATALOG_COMPILER_APPICON_NAME = AppIcon;
				ASSETCATALOG_COMPILER_GLOBAL_ACCENT_COLOR_NAME = AccentColor;
				CODE_SIGN_STYLE = Manual;
				CURRENT_PROJECT_VERSION = 3;
				DEVELOPMENT_ASSET_PATHS = "\"Maskota/Preview Content\"";
				DEVELOPMENT_TEAM = "";
				ENABLE_PREVIEWS = YES;
				INFOPLIST_FILE = Maskota/Info.plist;
				IPHONEOS_DEPLOYMENT_TARGET = 14.0;
				LD_RUNPATH_SEARCH_PATHS = (
					"$(inherited)",
					"@executable_path/Frameworks",
				);
				PRODUCT_BUNDLE_IDENTIFIER = com.valacomini.gatoo;
				PRODUCT_NAME = "$(TARGET_NAME)";
				PROVISIONING_PROFILE_SPECIFIER = "";
				SWIFT_VERSION = 5.0;
				TARGETED_DEVICE_FAMILY = "1,2";
			};
			name = Release;
		};
		84605DA22534BA7000E2E0DB /* Debug */ = {
			isa = XCBuildConfiguration;
			buildSettings = {
				ALWAYS_EMBED_SWIFT_STANDARD_LIBRARIES = YES;
				BUNDLE_LOADER = "$(TEST_HOST)";
				CODE_SIGN_STYLE = Automatic;
				INFOPLIST_FILE = MaskotaTests/Info.plist;
				IPHONEOS_DEPLOYMENT_TARGET = 14.0;
				LD_RUNPATH_SEARCH_PATHS = (
					"$(inherited)",
					"@executable_path/Frameworks",
					"@loader_path/Frameworks",
				);
				PRODUCT_BUNDLE_IDENTIFIER = na.MaskotaTests;
				PRODUCT_NAME = "$(TARGET_NAME)";
				SWIFT_VERSION = 5.0;
				TARGETED_DEVICE_FAMILY = "1,2";
				TEST_HOST = "$(BUILT_PRODUCTS_DIR)/Maskota.app/Maskota";
			};
			name = Debug;
		};
		84605DA32534BA7000E2E0DB /* Release */ = {
			isa = XCBuildConfiguration;
			buildSettings = {
				ALWAYS_EMBED_SWIFT_STANDARD_LIBRARIES = YES;
				BUNDLE_LOADER = "$(TEST_HOST)";
				CODE_SIGN_STYLE = Automatic;
				INFOPLIST_FILE = MaskotaTests/Info.plist;
				IPHONEOS_DEPLOYMENT_TARGET = 14.0;
				LD_RUNPATH_SEARCH_PATHS = (
					"$(inherited)",
					"@executable_path/Frameworks",
					"@loader_path/Frameworks",
				);
				PRODUCT_BUNDLE_IDENTIFIER = na.MaskotaTests;
				PRODUCT_NAME = "$(TARGET_NAME)";
				SWIFT_VERSION = 5.0;
				TARGETED_DEVICE_FAMILY = "1,2";
				TEST_HOST = "$(BUILT_PRODUCTS_DIR)/Maskota.app/Maskota";
			};
			name = Release;
		};
		84605DA52534BA7000E2E0DB /* Debug */ = {
			isa = XCBuildConfiguration;
			buildSettings = {
				ALWAYS_EMBED_SWIFT_STANDARD_LIBRARIES = YES;
				CODE_SIGN_STYLE = Automatic;
				INFOPLIST_FILE = MaskotaUITests/Info.plist;
				LD_RUNPATH_SEARCH_PATHS = (
					"$(inherited)",
					"@executable_path/Frameworks",
					"@loader_path/Frameworks",
				);
				PRODUCT_BUNDLE_IDENTIFIER = na.MaskotaUITests;
				PRODUCT_NAME = "$(TARGET_NAME)";
				SWIFT_VERSION = 5.0;
				TARGETED_DEVICE_FAMILY = "1,2";
				TEST_TARGET_NAME = Maskota;
			};
			name = Debug;
		};
		84605DA62534BA7000E2E0DB /* Release */ = {
			isa = XCBuildConfiguration;
			buildSettings = {
				ALWAYS_EMBED_SWIFT_STANDARD_LIBRARIES = YES;
				CODE_SIGN_STYLE = Automatic;
				INFOPLIST_FILE = MaskotaUITests/Info.plist;
				LD_RUNPATH_SEARCH_PATHS = (
					"$(inherited)",
					"@executable_path/Frameworks",
					"@loader_path/Frameworks",
				);
				PRODUCT_BUNDLE_IDENTIFIER = na.MaskotaUITests;
				PRODUCT_NAME = "$(TARGET_NAME)";
				SWIFT_VERSION = 5.0;
				TARGETED_DEVICE_FAMILY = "1,2";
				TEST_TARGET_NAME = Maskota;
			};
			name = Release;
		};
/* End XCBuildConfiguration section */

/* Begin XCConfigurationList section */
		84605D742534BA6D00E2E0DB /* Build configuration list for PBXProject "Maskota" */ = {
			isa = XCConfigurationList;
			buildConfigurations = (
				84605D9C2534BA7000E2E0DB /* Debug */,
				84605D9D2534BA7000E2E0DB /* Release */,
			);
			defaultConfigurationIsVisible = 0;
			defaultConfigurationName = Release;
		};
		84605D9E2534BA7000E2E0DB /* Build configuration list for PBXNativeTarget "Maskota" */ = {
			isa = XCConfigurationList;
			buildConfigurations = (
				84605D9F2534BA7000E2E0DB /* Debug */,
				84605DA02534BA7000E2E0DB /* Release */,
			);
			defaultConfigurationIsVisible = 0;
			defaultConfigurationName = Release;
		};
		84605DA12534BA7000E2E0DB /* Build configuration list for PBXNativeTarget "MaskotaTests" */ = {
			isa = XCConfigurationList;
			buildConfigurations = (
				84605DA22534BA7000E2E0DB /* Debug */,
				84605DA32534BA7000E2E0DB /* Release */,
			);
			defaultConfigurationIsVisible = 0;
			defaultConfigurationName = Release;
		};
		84605DA42534BA7000E2E0DB /* Build configuration list for PBXNativeTarget "MaskotaUITests" */ = {
			isa = XCConfigurationList;
			buildConfigurations = (
				84605DA52534BA7000E2E0DB /* Debug */,
				84605DA62534BA7000E2E0DB /* Release */,
			);
			defaultConfigurationIsVisible = 0;
			defaultConfigurationName = Release;
		};
/* End XCConfigurationList section */

/* Begin XCRemoteSwiftPackageReference section */
		84605DAA2534BCED00E2E0DB /* XCRemoteSwiftPackageReference "Quick" */ = {
			isa = XCRemoteSwiftPackageReference;
			repositoryURL = "https://github.com/Quick/Quick";
			requirement = {
				kind = upToNextMajorVersion;
				minimumVersion = 3.0.0;
			};
		};
		84605DB02534BD2200E2E0DB /* XCRemoteSwiftPackageReference "Nimble" */ = {
			isa = XCRemoteSwiftPackageReference;
			repositoryURL = "https://github.com/Quick/Nimble";
			requirement = {
				kind = upToNextMajorVersion;
				minimumVersion = 9.0.0;
			};
		};
		84605E05253511AD00E2E0DB /* XCRemoteSwiftPackageReference "realm-cocoa" */ = {
			isa = XCRemoteSwiftPackageReference;
			repositoryURL = "https://github.com/realm/realm-cocoa";
			requirement = {
				kind = upToNextMajorVersion;
				minimumVersion = 5.5.0;
			};
		};
/* End XCRemoteSwiftPackageReference section */

/* Begin XCSwiftPackageProductDependency section */
		84605DAB2534BCED00E2E0DB /* Quick */ = {
			isa = XCSwiftPackageProductDependency;
			package = 84605DAA2534BCED00E2E0DB /* XCRemoteSwiftPackageReference "Quick" */;
			productName = Quick;
		};
		84605DB12534BD2200E2E0DB /* Nimble */ = {
			isa = XCSwiftPackageProductDependency;
			package = 84605DB02534BD2200E2E0DB /* XCRemoteSwiftPackageReference "Nimble" */;
			productName = Nimble;
		};
		84605E06253511AD00E2E0DB /* RealmSwift */ = {
			isa = XCSwiftPackageProductDependency;
			package = 84605E05253511AD00E2E0DB /* XCRemoteSwiftPackageReference "realm-cocoa" */;
			productName = RealmSwift;
		};
/* End XCSwiftPackageProductDependency section */
	};
	rootObject = 84605D712534BA6D00E2E0DB /* Project object */;
}
